
Microsoft Visual Studio Solution File, Format Version 12.00
# Visual Studio 2012
Project("{FAE04EC0-301F-11D3-BF4B-00C04F79EFBC}") = "Agenda13_verValorDiv2e3_matrizMultiplica2Diagonal", "Agenda13_verValorDiv2e3_matrizMultiplica2Diagonal.csproj", "{C06A5A90-DC56-49B0-A12E-89C8B48B397B}"
EndProject
Global
	GlobalSection(SolutionConfigurationPlatforms) = preSolution
		Debug|Any CPU = Debug|Any CPU
		Release|Any CPU = Release|Any CPU
	EndGlobalSection
	GlobalSection(ProjectConfigurationPlatforms) = postSolution
		{C06A5A90-DC56-49B0-A12E-89C8B48B397B}.Debug|Any CPU.ActiveCfg = Debug|Any CPU
		{C06A5A90-DC56-49B0-A12E-89C8B48B397B}.Debug|Any CPU.Build.0 = Debug|Any CPU
		{C06A5A90-DC56-49B0-A12E-89C8B48B397B}.Release|Any CPU.ActiveCfg = Release|Any CPU
		{C06A5A90-DC56-49B0-A12E-89C8B48B397B}.Release|Any CPU.Build.0 = Release|Any CPU
	EndGlobalSection
EndGlobal
